
Microsoft Visual Studio Solution File, Format Version 12.00
# Visual Studio 2013
VisualStudioVersion = 12.0.21005.1
MinimumVisualStudioVersion = 10.0.40219.1
Project("{FAE04EC0-301F-11D3-BF4B-00C04F79EFBC}") = "MessageCreator", "MessageCreator\MessageCreator.csproj", "{2835C8EF-3B2F-43F2-9E89-466EBFA868B5}"
EndProject
Project("{FAE04EC0-301F-11D3-BF4B-00C04F79EFBC}") = "Data", "..\MessageConsumer\Data\Data.csproj", "{5E2A337A-03D8-489C-93B9-4C1492F955E0}"
EndProject
Project("{FAE04EC0-301F-11D3-BF4B-00C04F79EFBC}") = "WebApi", "WebApi\WebApi.csproj", "{78EDA3E9-A79A-4E65-84DE-B693524A7697}"
EndProject
Global
	GlobalSection(SolutionConfigurationPlatforms) = preSolution
		Debug|Any CPU = Debug|Any CPU
		Release|Any CPU = Release|Any CPU
	EndGlobalSection
	GlobalSection(ProjectConfigurationPlatforms) = postSolution
		{2835C8EF-3B2F-43F2-9E89-466EBFA868B5}.Debug|Any CPU.ActiveCfg = Debug|Any CPU
		{2835C8EF-3B2F-43F2-9E89-466EBFA868B5}.Debug|Any CPU.Build.0 = Debug|Any CPU
		{2835C8EF-3B2F-43F2-9E89-466EBFA868B5}.Release|Any CPU.ActiveCfg = Release|Any CPU
		{2835C8EF-3B2F-43F2-9E89-466EBFA868B5}.Release|Any CPU.Build.0 = Release|Any CPU
		{5E2A337A-03D8-489C-93B9-4C1492F955E0}.Debug|Any CPU.ActiveCfg = Debug|Any CPU
		{5E2A337A-03D8-489C-93B9-4C1492F955E0}.Debug|Any CPU.Build.0 = Debug|Any CPU
		{5E2A337A-03D8-489C-93B9-4C1492F955E0}.Release|Any CPU.ActiveCfg = Release|Any CPU
		{5E2A337A-03D8-489C-93B9-4C1492F955E0}.Release|Any CPU.Build.0 = Release|Any CPU
		{78EDA3E9-A79A-4E65-84DE-B693524A7697}.Debug|Any CPU.ActiveCfg = Debug|Any CPU
		{78EDA3E9-A79A-4E65-84DE-B693524A7697}.Debug|Any CPU.Build.0 = Debug|Any CPU
		{78EDA3E9-A79A-4E65-84DE-B693524A7697}.Release|Any CPU.ActiveCfg = Release|Any CPU
		{78EDA3E9-A79A-4E65-84DE-B693524A7697}.Release|Any CPU.Build.0 = Release|Any CPU
	EndGlobalSection
	GlobalSection(SolutionProperties) = preSolution
		HideSolutionNode = FALSE
	EndGlobalSection
EndGlobal
